{
  "version": 1,
  "dependencies": {
    "net8.0": {
      "UAssetAPI": {
        "type": "Direct",
        "requested": "[1.1.0, )",
        "resolved": "1.1.0",
        "contentHash": "J71ZHs9VdLDhLP9Tqa6drMqF2/UgEMZm4ahfGeCiPBxOf5MzY7/s4ZWT3VdTrLy+daTnf1jMnMTVzjauHsyy0A==",
        "dependencies": {
          "Newtonsoft.Json": "13.0.3",
          "ZstdSharp.Port": "0.8.1"
        }
      },
      "Newtonsoft.Json": {
        "type": "Transitive",
        "resolved": "13.0.3",
        "contentHash": "HrC5BXdl00IP9zeV+0Z848QWPAoCr9P3bDEZguI+gkLcBKAOxix/tLEAAHC+UvDNPv4a2d18lOReHMOagPa+zQ=="
      },
      "ZstdSharp.Port": {
        "type": "Transitive",
        "resolved": "0.8.1",
        "contentHash": "19tNz33kn2EkyViFXuxfVn338UJaRmkwBphVqP2dVJIYQUQgFrgG5h061mxkRRg1Ax6r+6WOj1FxaFZ5qaWqqg=="
      }
    }
  }
}