Microsoft Visual Studio Solution File, Format Version 12.00
# Visual Studio Version 17
VisualStudioVersion = 17.0.31903.59
MinimumVisualStudioVersion = 10.0.40219.1
Project("{FAE04EC0-301F-11D3-BF4B-00C04F79EFBC}") = "DragonSwordWorldRadar.Overlay", "src\overlay\DragonSwordWorldRadar.Overlay.csproj", "{2B5F81AD-30CD-4C93-B85A-CE14FDCC9F27}"
EndProject
Project("{FAE04EC0-301F-11D3-BF4B-00C04F79EFBC}") = "DragonSwordWorldRadar.Installer.Core", "src\installer\Core\DragonSwordWorldRadar.Installer.Core.csproj", "{7C6BCEAF-46DA-4E06-B6C6-AF6A8B94AB90}"
EndProject
Global
    GlobalSection(SolutionConfigurationPlatforms) = preSolution
        Debug|Any CPU = Debug|Any CPU
        Release|Any CPU = Release|Any CPU
    EndGlobalSection
    GlobalSection(ProjectConfigurationPlatforms) = postSolution
        {2B5F81AD-30CD-4C93-B85A-CE14FDCC9F27}.Debug|Any CPU.ActiveCfg = Debug|Any CPU
        {2B5F81AD-30CD-4C93-B85A-CE14FDCC9F27}.Debug|Any CPU.Build.0 = Debug|Any CPU
        {2B5F81AD-30CD-4C93-B85A-CE14FDCC9F27}.Release|Any CPU.ActiveCfg = Release|Any CPU
        {2B5F81AD-30CD-4C93-B85A-CE14FDCC9F27}.Release|Any CPU.Build.0 = Release|Any CPU
        {7C6BCEAF-46DA-4E06-B6C6-AF6A8B94AB90}.Debug|Any CPU.ActiveCfg = Debug|Any CPU
        {7C6BCEAF-46DA-4E06-B6C6-AF6A8B94AB90}.Debug|Any CPU.Build.0 = Debug|Any CPU
        {7C6BCEAF-46DA-4E06-B6C6-AF6A8B94AB90}.Release|Any CPU.ActiveCfg = Release|Any CPU
        {7C6BCEAF-46DA-4E06-B6C6-AF6A8B94AB90}.Release|Any CPU.Build.0 = Release|Any CPU
    EndGlobalSection
EndGlobal
